# THIS IS AN AUTOGENERATED FILE. DO NOT EDIT THIS FILE DIRECTLY.
# yarn lockfile v1


react-laag@^1.2.0:
  version "1.2.0"
  resolved "https://registry.yarnpkg.com/react-laag/-/react-laag-1.2.0.tgz#a3c756b5ab7fc8e6defab33313fbb82baadb3e3a"
  integrity sha512-h8Dwv96qEIpkEHjiFGrt7vB8bJfgPgJxU+GHVdVOS7nRfnu0bvmfax4Jyt49j3MVkmbz6DCD7Pt9cvXKPmWbqg==
